
Microsoft Visual Studio Solution File, Format Version 12.00
# Visual Studio Version 17
VisualStudioVersion = 17.9.34723.18
MinimumVisualStudioVersion = 10.0.40219.1
Project("{FAE04EC0-301F-11D3-BF4B-00C04F79EFBC}") = "Web", "Web\Web.csproj", "{EAE2A176-92A9-4B5E-87F9-F8F56CC7BCCF}"
EndProject
Project("{FAE04EC0-301F-11D3-BF4B-00C04F79EFBC}") = "Domain", "Domain\Domain.csproj", "{18B2D890-E8FA-453A-A529-1EE99F2E3378}"
EndProject
Project("{FAE04EC0-301F-11D3-BF4B-00C04F79EFBC}") = "Application", "Application\Application.csproj", "{DF80DEA5-1AAA-40EA-8461-9E8F5BB83065}"
EndProject
Project("{FAE04EC0-301F-11D3-BF4B-00C04F79EFBC}") = "Persistence", "Persistence\Persistence.csproj", "{57AB6B09-4352-4E60-8493-6F0D556AB9A5}"
EndProject
Project("{FAE04EC0-301F-11D3-BF4B-00C04F79EFBC}") = "Presentation", "Presentation\Presentation.csproj", "{5606BC51-9A37-4157-9858-F4898C09E497}"
EndProject
Global
	GlobalSection(SolutionConfigurationPlatforms) = preSolution
		Debug|Any CPU = Debug|Any CPU
		Release|Any CPU = Release|Any CPU
	EndGlobalSection
	GlobalSection(ProjectConfigurationPlatforms) = postSolution
		{EAE2A176-92A9-4B5E-87F9-F8F56CC7BCCF}.Debug|Any CPU.ActiveCfg = Debug|Any CPU
		{EAE2A176-92A9-4B5E-87F9-F8F56CC7BCCF}.Debug|Any CPU.Build.0 = Debug|Any CPU
		{EAE2A176-92A9-4B5E-87F9-F8F56CC7BCCF}.Release|Any CPU.ActiveCfg = Release|Any CPU
		{EAE2A176-92A9-4B5E-87F9-F8F56CC7BCCF}.Release|Any CPU.Build.0 = Release|Any CPU
		{18B2D890-E8FA-453A-A529-1EE99F2E3378}.Debug|Any CPU.ActiveCfg = Debug|Any CPU
		{18B2D890-E8FA-453A-A529-1EE99F2E3378}.Debug|Any CPU.Build.0 = Debug|Any CPU
		{18B2D890-E8FA-453A-A529-1EE99F2E3378}.Release|Any CPU.ActiveCfg = Release|Any CPU
		{18B2D890-E8FA-453A-A529-1EE99F2E3378}.Release|Any CPU.Build.0 = Release|Any CPU
		{DF80DEA5-1AAA-40EA-8461-9E8F5BB83065}.Debug|Any CPU.ActiveCfg = Debug|Any CPU
		{DF80DEA5-1AAA-40EA-8461-9E8F5BB83065}.Debug|Any CPU.Build.0 = Debug|Any CPU
		{DF80DEA5-1AAA-40EA-8461-9E8F5BB83065}.Release|Any CPU.ActiveCfg = Release|Any CPU
		{DF80DEA5-1AAA-40EA-8461-9E8F5BB83065}.Release|Any CPU.Build.0 = Release|Any CPU
		{57AB6B09-4352-4E60-8493-6F0D556AB9A5}.Debug|Any CPU.ActiveCfg = Debug|Any CPU
		{57AB6B09-4352-4E60-8493-6F0D556AB9A5}.Debug|Any CPU.Build.0 = Debug|Any CPU
		{57AB6B09-4352-4E60-8493-6F0D556AB9A5}.Release|Any CPU.ActiveCfg = Release|Any CPU
		{57AB6B09-4352-4E60-8493-6F0D556AB9A5}.Release|Any CPU.Build.0 = Release|Any CPU
		{5606BC51-9A37-4157-9858-F4898C09E497}.Debug|Any CPU.ActiveCfg = Debug|Any CPU
		{5606BC51-9A37-4157-9858-F4898C09E497}.Debug|Any CPU.Build.0 = Debug|Any CPU
		{5606BC51-9A37-4157-9858-F4898C09E497}.Release|Any CPU.ActiveCfg = Release|Any CPU
		{5606BC51-9A37-4157-9858-F4898C09E497}.Release|Any CPU.Build.0 = Release|Any CPU
	EndGlobalSection
	GlobalSection(SolutionProperties) = preSolution
		HideSolutionNode = FALSE
	EndGlobalSection
	GlobalSection(ExtensibilityGlobals) = postSolution
		SolutionGuid = {D73D41B8-8D2B-4085-AA76-49E3DAE85ED8}
	EndGlobalSection
EndGlobal
